
Microsoft Visual Studio Solution File, Format Version 12.00
# Visual Studio Version 16
VisualStudioVersion = 16.0.31624.102
MinimumVisualStudioVersion = 10.0.40219.1
Project("{FAE04EC0-301F-11D3-BF4B-00C04F79EFBC}") = "DIEPHOANVU_BIGSHOOL0", "DIEPHOANVU_BIGSHOOL0\DIEPHOANVU_BIGSHOOL0.csproj", "{48BD67B7-FFBA-466E-9A04-92C2E537C05A}"
EndProject
Global
	GlobalSection(SolutionConfigurationPlatforms) = preSolution
		Debug|Any CPU = Debug|Any CPU
		Release|Any CPU = Release|Any CPU
	EndGlobalSection
	GlobalSection(ProjectConfigurationPlatforms) = postSolution
		{48BD67B7-FFBA-466E-9A04-92C2E537C05A}.Debug|Any CPU.ActiveCfg = Debug|Any CPU
		{48BD67B7-FFBA-466E-9A04-92C2E537C05A}.Debug|Any CPU.Build.0 = Debug|Any CPU
		{48BD67B7-FFBA-466E-9A04-92C2E537C05A}.Release|Any CPU.ActiveCfg = Release|Any CPU
		{48BD67B7-FFBA-466E-9A04-92C2E537C05A}.Release|Any CPU.Build.0 = Release|Any CPU
	EndGlobalSection
	GlobalSection(SolutionProperties) = preSolution
		HideSolutionNode = FALSE
	EndGlobalSection
	GlobalSection(ExtensibilityGlobals) = postSolution
		SolutionGuid = {D84D32FA-CC0C-48FE-A50A-674B4C5CCCC8}
	EndGlobalSection
EndGlobal
